
Microsoft Visual Studio Solution File, Format Version 12.00
# Visual Studio 14
VisualStudioVersion = 14.0.25123.0
MinimumVisualStudioVersion = 10.0.40219.1
Project("{FAE04EC0-301F-11D3-BF4B-00C04F79EFBC}") = "SlimMessageBus", "SlimMessageBus\SlimMessageBus.csproj", "{09B7C2A3-5AF3-401A-BB13-D5558124B46A}"
EndProject
Project("{FAE04EC0-301F-11D3-BF4B-00C04F79EFBC}") = "SlimMessageBus.Core", "SlimMessageBus.Core\SlimMessageBus.Core.csproj", "{4542EDFA-0154-440B-AEC3-D2B1E725596B}"
EndProject
Project("{FAE04EC0-301F-11D3-BF4B-00C04F79EFBC}") = "SlimMessageBus.ServiceLocator", "SlimMessageBus.ServiceLocator\SlimMessageBus.ServiceLocator.csproj", "{008710F6-EFA9-4C99-A781-5593C5F1E9D7}"
EndProject
Project("{FAE04EC0-301F-11D3-BF4B-00C04F79EFBC}") = "SlimMessageBus.Core.Test", "SlimMessageBus.Core.Test\SlimMessageBus.Core.Test.csproj", "{D32EC328-AFA6-4E12-8D69-0C786FD95AA3}"
EndProject
Global
	GlobalSection(SolutionConfigurationPlatforms) = preSolution
		Debug|Any CPU = Debug|Any CPU
		Release|Any CPU = Release|Any CPU
	EndGlobalSection
	GlobalSection(ProjectConfigurationPlatforms) = postSolution
		{09B7C2A3-5AF3-401A-BB13-D5558124B46A}.Debug|Any CPU.ActiveCfg = Debug|Any CPU
		{09B7C2A3-5AF3-401A-BB13-D5558124B46A}.Debug|Any CPU.Build.0 = Debug|Any CPU
		{09B7C2A3-5AF3-401A-BB13-D5558124B46A}.Release|Any CPU.ActiveCfg = Release|Any CPU
		{09B7C2A3-5AF3-401A-BB13-D5558124B46A}.Release|Any CPU.Build.0 = Release|Any CPU
		{4542EDFA-0154-440B-AEC3-D2B1E725596B}.Debug|Any CPU.ActiveCfg = Debug|Any CPU
		{4542EDFA-0154-440B-AEC3-D2B1E725596B}.Debug|Any CPU.Build.0 = Debug|Any CPU
		{4542EDFA-0154-440B-AEC3-D2B1E725596B}.Release|Any CPU.ActiveCfg = Release|Any CPU
		{4542EDFA-0154-440B-AEC3-D2B1E725596B}.Release|Any CPU.Build.0 = Release|Any CPU
		{008710F6-EFA9-4C99-A781-5593C5F1E9D7}.Debug|Any CPU.ActiveCfg = Debug|Any CPU
		{008710F6-EFA9-4C99-A781-5593C5F1E9D7}.Debug|Any CPU.Build.0 = Debug|Any CPU
		{008710F6-EFA9-4C99-A781-5593C5F1E9D7}.Release|Any CPU.ActiveCfg = Release|Any CPU
		{008710F6-EFA9-4C99-A781-5593C5F1E9D7}.Release|Any CPU.Build.0 = Release|Any CPU
		{D32EC328-AFA6-4E12-8D69-0C786FD95AA3}.Debug|Any CPU.ActiveCfg = Debug|Any CPU
		{D32EC328-AFA6-4E12-8D69-0C786FD95AA3}.Debug|Any CPU.Build.0 = Debug|Any CPU
		{D32EC328-AFA6-4E12-8D69-0C786FD95AA3}.Release|Any CPU.ActiveCfg = Release|Any CPU
		{D32EC328-AFA6-4E12-8D69-0C786FD95AA3}.Release|Any CPU.Build.0 = Release|Any CPU
	EndGlobalSection
	GlobalSection(SolutionProperties) = preSolution
		HideSolutionNode = FALSE
	EndGlobalSection
EndGlobal
