
Microsoft Visual Studio Solution File, Format Version 12.00
# Visual Studio 14
VisualStudioVersion = 14.0.25420.1
MinimumVisualStudioVersion = 10.0.40219.1
Project("{FAE04EC0-301F-11D3-BF4B-00C04F79EFBC}") = "SlimMessageBus", "SlimMessageBus\SlimMessageBus.csproj", "{09B7C2A3-5AF3-401A-BB13-D5558124B46A}"
EndProject
Project("{FAE04EC0-301F-11D3-BF4B-00C04F79EFBC}") = "SlimMessageBus.Core", "SlimMessageBus.Core\SlimMessageBus.Core.csproj", "{4542EDFA-0154-440B-AEC3-D2B1E725596B}"
EndProject
Project("{FAE04EC0-301F-11D3-BF4B-00C04F79EFBC}") = "SlimMessageBus.ServiceLocator", "SlimMessageBus.ServiceLocator\SlimMessageBus.ServiceLocator.csproj", "{008710F6-EFA9-4C99-A781-5593C5F1E9D7}"
EndProject
Project("{2150E333-8FDC-42A3-9474-1A3956D46DE8}") = "Tests", "Tests", "{9F005B5C-A856-4351-8C0C-47A8B785C637}"
EndProject
Project("{2150E333-8FDC-42A3-9474-1A3956D46DE8}") = "Samples", "Samples", "{A5B15524-93B8-4CCE-AC6D-A22984498BA0}"
EndProject
Project("{FAE04EC0-301F-11D3-BF4B-00C04F79EFBC}") = "SlimMessageBus.Test", "Tests\SlimMessageBus.Test\SlimMessageBus.Test.csproj", "{EFF77413-F44D-4D47-A5DD-8CCA45B8A22D}"
EndProject
Project("{FAE04EC0-301F-11D3-BF4B-00C04F79EFBC}") = "SlimMessageBus.Core.Test", "Tests\SlimMessageBus.Core.Test\SlimMessageBus.Core.Test.csproj", "{D32EC328-AFA6-4E12-8D69-0C786FD95AA3}"
EndProject
Project("{FAE04EC0-301F-11D3-BF4B-00C04F79EFBC}") = "SlimMessageBus.Sample.DomainEvents.Simple", "Samples\SlimMessageBus.Sample.DomainEvents.Simple\SlimMessageBus.Sample.DomainEvents.Simple.csproj", "{2F39CE0D-CDCF-4FD1-AE3E-6B2293850627}"
EndProject
Project("{FAE04EC0-301F-11D3-BF4B-00C04F79EFBC}") = "SlimMessageBus.Config", "SlimMessageBus.Config\SlimMessageBus.Config.csproj", "{7EE5CC08-A7E6-409C-BC15-92B1B6033C04}"
EndProject
Project("{FAE04EC0-301F-11D3-BF4B-00C04F79EFBC}") = "SlimMessageBus.Host", "SlimMessageBus.Host\SlimMessageBus.Host.csproj", "{72F49AFE-CDB8-4490-AA52-D59EFB20B90F}"
EndProject
Project("{FAE04EC0-301F-11D3-BF4B-00C04F79EFBC}") = "SlimMessageBus.Provider.Kafka", "SlimMessageBus.Provider.Kafka\SlimMessageBus.Provider.Kafka.csproj", "{D50FE4A0-1CDA-48F7-AD40-FF17325A3715}"
EndProject
Project("{FAE04EC0-301F-11D3-BF4B-00C04F79EFBC}") = "SlimMessageBus.Provider.Kafka.Test", "Tests\SlimMessageBus.Provider.Kafka.Test\SlimMessageBus.Provider.Kafka.Test.csproj", "{5B1B5E4B-DB8A-49CE-A1D9-103083F6EBDB}"
EndProject
Project("{FAE04EC0-301F-11D3-BF4B-00C04F79EFBC}") = "SlimMessageBus.Host.Serialization.Json", "SlimMessageBus.Host.Serialization.Json\SlimMessageBus.Host.Serialization.Json.csproj", "{CB7D8D2E-1272-406E-B7C2-8AE072FE80EB}"
EndProject
Project("{FAE04EC0-301F-11D3-BF4B-00C04F79EFBC}") = "Sample.Images.FileStore", "Samples\Sample.Images.FileStore\Sample.Images.FileStore.csproj", "{39D70A9E-F54F-407D-A74F-E342D264D623}"
EndProject
Project("{FAE04EC0-301F-11D3-BF4B-00C04F79EFBC}") = "Sample.Images.Messages", "Samples\Sample.Images.Messages\Sample.Images.Messages.csproj", "{C473D79D-5B04-4BB3-A29A-D04798AA0797}"
EndProject
Project("{FAE04EC0-301F-11D3-BF4B-00C04F79EFBC}") = "Sample.Images.WebApi", "Samples\Sample.Images.WebApi\Sample.Images.WebApi.csproj", "{2A1FAC78-E0EB-4E63-8945-D5A28271A896}"
EndProject
Project("{FAE04EC0-301F-11D3-BF4B-00C04F79EFBC}") = "Sample.Images.Worker", "Samples\Sample.Images.Worker\Sample.Images.Worker.csproj", "{37C54EAA-731B-442B-A1A5-6A9D954D3A88}"
EndProject
Global
	GlobalSection(SolutionConfigurationPlatforms) = preSolution
		Debug|Any CPU = Debug|Any CPU
		Release|Any CPU = Release|Any CPU
	EndGlobalSection
	GlobalSection(ProjectConfigurationPlatforms) = postSolution
		{09B7C2A3-5AF3-401A-BB13-D5558124B46A}.Debug|Any CPU.ActiveCfg = Debug|Any CPU
		{09B7C2A3-5AF3-401A-BB13-D5558124B46A}.Debug|Any CPU.Build.0 = Debug|Any CPU
		{09B7C2A3-5AF3-401A-BB13-D5558124B46A}.Release|Any CPU.ActiveCfg = Release|Any CPU
		{09B7C2A3-5AF3-401A-BB13-D5558124B46A}.Release|Any CPU.Build.0 = Release|Any CPU
		{4542EDFA-0154-440B-AEC3-D2B1E725596B}.Debug|Any CPU.ActiveCfg = Debug|Any CPU
		{4542EDFA-0154-440B-AEC3-D2B1E725596B}.Debug|Any CPU.Build.0 = Debug|Any CPU
		{4542EDFA-0154-440B-AEC3-D2B1E725596B}.Release|Any CPU.ActiveCfg = Release|Any CPU
		{4542EDFA-0154-440B-AEC3-D2B1E725596B}.Release|Any CPU.Build.0 = Release|Any CPU
		{008710F6-EFA9-4C99-A781-5593C5F1E9D7}.Debug|Any CPU.ActiveCfg = Debug|Any CPU
		{008710F6-EFA9-4C99-A781-5593C5F1E9D7}.Debug|Any CPU.Build.0 = Debug|Any CPU
		{008710F6-EFA9-4C99-A781-5593C5F1E9D7}.Release|Any CPU.ActiveCfg = Release|Any CPU
		{008710F6-EFA9-4C99-A781-5593C5F1E9D7}.Release|Any CPU.Build.0 = Release|Any CPU
		{EFF77413-F44D-4D47-A5DD-8CCA45B8A22D}.Debug|Any CPU.ActiveCfg = Debug|Any CPU
		{EFF77413-F44D-4D47-A5DD-8CCA45B8A22D}.Debug|Any CPU.Build.0 = Debug|Any CPU
		{EFF77413-F44D-4D47-A5DD-8CCA45B8A22D}.Release|Any CPU.ActiveCfg = Release|Any CPU
		{EFF77413-F44D-4D47-A5DD-8CCA45B8A22D}.Release|Any CPU.Build.0 = Release|Any CPU
		{D32EC328-AFA6-4E12-8D69-0C786FD95AA3}.Debug|Any CPU.ActiveCfg = Debug|Any CPU
		{D32EC328-AFA6-4E12-8D69-0C786FD95AA3}.Debug|Any CPU.Build.0 = Debug|Any CPU
		{D32EC328-AFA6-4E12-8D69-0C786FD95AA3}.Release|Any CPU.ActiveCfg = Release|Any CPU
		{D32EC328-AFA6-4E12-8D69-0C786FD95AA3}.Release|Any CPU.Build.0 = Release|Any CPU
		{2F39CE0D-CDCF-4FD1-AE3E-6B2293850627}.Debug|Any CPU.ActiveCfg = Debug|Any CPU
		{2F39CE0D-CDCF-4FD1-AE3E-6B2293850627}.Debug|Any CPU.Build.0 = Debug|Any CPU
		{2F39CE0D-CDCF-4FD1-AE3E-6B2293850627}.Release|Any CPU.ActiveCfg = Release|Any CPU
		{2F39CE0D-CDCF-4FD1-AE3E-6B2293850627}.Release|Any CPU.Build.0 = Release|Any CPU
		{7EE5CC08-A7E6-409C-BC15-92B1B6033C04}.Debug|Any CPU.ActiveCfg = Debug|Any CPU
		{7EE5CC08-A7E6-409C-BC15-92B1B6033C04}.Debug|Any CPU.Build.0 = Debug|Any CPU
		{7EE5CC08-A7E6-409C-BC15-92B1B6033C04}.Release|Any CPU.ActiveCfg = Release|Any CPU
		{7EE5CC08-A7E6-409C-BC15-92B1B6033C04}.Release|Any CPU.Build.0 = Release|Any CPU
		{72F49AFE-CDB8-4490-AA52-D59EFB20B90F}.Debug|Any CPU.ActiveCfg = Debug|Any CPU
		{72F49AFE-CDB8-4490-AA52-D59EFB20B90F}.Debug|Any CPU.Build.0 = Debug|Any CPU
		{72F49AFE-CDB8-4490-AA52-D59EFB20B90F}.Release|Any CPU.ActiveCfg = Release|Any CPU
		{72F49AFE-CDB8-4490-AA52-D59EFB20B90F}.Release|Any CPU.Build.0 = Release|Any CPU
		{D50FE4A0-1CDA-48F7-AD40-FF17325A3715}.Debug|Any CPU.ActiveCfg = Debug|Any CPU
		{D50FE4A0-1CDA-48F7-AD40-FF17325A3715}.Debug|Any CPU.Build.0 = Debug|Any CPU
		{D50FE4A0-1CDA-48F7-AD40-FF17325A3715}.Release|Any CPU.ActiveCfg = Release|Any CPU
		{D50FE4A0-1CDA-48F7-AD40-FF17325A3715}.Release|Any CPU.Build.0 = Release|Any CPU
		{5B1B5E4B-DB8A-49CE-A1D9-103083F6EBDB}.Debug|Any CPU.ActiveCfg = Debug|Any CPU
		{5B1B5E4B-DB8A-49CE-A1D9-103083F6EBDB}.Debug|Any CPU.Build.0 = Debug|Any CPU
		{5B1B5E4B-DB8A-49CE-A1D9-103083F6EBDB}.Release|Any CPU.ActiveCfg = Release|Any CPU
		{5B1B5E4B-DB8A-49CE-A1D9-103083F6EBDB}.Release|Any CPU.Build.0 = Release|Any CPU
		{CB7D8D2E-1272-406E-B7C2-8AE072FE80EB}.Debug|Any CPU.ActiveCfg = Debug|Any CPU
		{CB7D8D2E-1272-406E-B7C2-8AE072FE80EB}.Debug|Any CPU.Build.0 = Debug|Any CPU
		{CB7D8D2E-1272-406E-B7C2-8AE072FE80EB}.Release|Any CPU.ActiveCfg = Release|Any CPU
		{CB7D8D2E-1272-406E-B7C2-8AE072FE80EB}.Release|Any CPU.Build.0 = Release|Any CPU
		{39D70A9E-F54F-407D-A74F-E342D264D623}.Debug|Any CPU.ActiveCfg = Debug|Any CPU
		{39D70A9E-F54F-407D-A74F-E342D264D623}.Debug|Any CPU.Build.0 = Debug|Any CPU
		{39D70A9E-F54F-407D-A74F-E342D264D623}.Release|Any CPU.ActiveCfg = Release|Any CPU
		{39D70A9E-F54F-407D-A74F-E342D264D623}.Release|Any CPU.Build.0 = Release|Any CPU
		{C473D79D-5B04-4BB3-A29A-D04798AA0797}.Debug|Any CPU.ActiveCfg = Debug|Any CPU
		{C473D79D-5B04-4BB3-A29A-D04798AA0797}.Debug|Any CPU.Build.0 = Debug|Any CPU
		{C473D79D-5B04-4BB3-A29A-D04798AA0797}.Release|Any CPU.ActiveCfg = Release|Any CPU
		{C473D79D-5B04-4BB3-A29A-D04798AA0797}.Release|Any CPU.Build.0 = Release|Any CPU
		{2A1FAC78-E0EB-4E63-8945-D5A28271A896}.Debug|Any CPU.ActiveCfg = Debug|Any CPU
		{2A1FAC78-E0EB-4E63-8945-D5A28271A896}.Debug|Any CPU.Build.0 = Debug|Any CPU
		{2A1FAC78-E0EB-4E63-8945-D5A28271A896}.Release|Any CPU.ActiveCfg = Release|Any CPU
		{2A1FAC78-E0EB-4E63-8945-D5A28271A896}.Release|Any CPU.Build.0 = Release|Any CPU
		{37C54EAA-731B-442B-A1A5-6A9D954D3A88}.Debug|Any CPU.ActiveCfg = Debug|Any CPU
		{37C54EAA-731B-442B-A1A5-6A9D954D3A88}.Debug|Any CPU.Build.0 = Debug|Any CPU
		{37C54EAA-731B-442B-A1A5-6A9D954D3A88}.Release|Any CPU.ActiveCfg = Release|Any CPU
		{37C54EAA-731B-442B-A1A5-6A9D954D3A88}.Release|Any CPU.Build.0 = Release|Any CPU
	EndGlobalSection
	GlobalSection(SolutionProperties) = preSolution
		HideSolutionNode = FALSE
	EndGlobalSection
	GlobalSection(NestedProjects) = preSolution
		{EFF77413-F44D-4D47-A5DD-8CCA45B8A22D} = {9F005B5C-A856-4351-8C0C-47A8B785C637}
		{D32EC328-AFA6-4E12-8D69-0C786FD95AA3} = {9F005B5C-A856-4351-8C0C-47A8B785C637}
		{2F39CE0D-CDCF-4FD1-AE3E-6B2293850627} = {A5B15524-93B8-4CCE-AC6D-A22984498BA0}
		{5B1B5E4B-DB8A-49CE-A1D9-103083F6EBDB} = {9F005B5C-A856-4351-8C0C-47A8B785C637}
		{39D70A9E-F54F-407D-A74F-E342D264D623} = {A5B15524-93B8-4CCE-AC6D-A22984498BA0}
		{C473D79D-5B04-4BB3-A29A-D04798AA0797} = {A5B15524-93B8-4CCE-AC6D-A22984498BA0}
		{2A1FAC78-E0EB-4E63-8945-D5A28271A896} = {A5B15524-93B8-4CCE-AC6D-A22984498BA0}
		{37C54EAA-731B-442B-A1A5-6A9D954D3A88} = {A5B15524-93B8-4CCE-AC6D-A22984498BA0}
	EndGlobalSection
EndGlobal
