
Microsoft Visual Studio Solution File, Format Version 12.00
# Visual Studio Version 17
VisualStudioVersion = 17.0.32014.148
MinimumVisualStudioVersion = 10.0.40219.1
Project("{2150E333-8FDC-42A3-9474-1A3956D46DE8}") = "Tests", "Tests", "{9F005B5C-A856-4351-8C0C-47A8B785C637}"
EndProject
Project("{2150E333-8FDC-42A3-9474-1A3956D46DE8}") = "Samples", "Samples", "{A5B15524-93B8-4CCE-AC6D-A22984498BA0}"
EndProject
Project("{2150E333-8FDC-42A3-9474-1A3956D46DE8}") = "Content", "Content", "{8835721D-ECA4-42CB-BA8B-F8C1A06340EC}"
	ProjectSection(SolutionItems) = preProject
		Samples\Content\DSC0843.jpg = Samples\Content\DSC0843.jpg
		Samples\Content\DSC0862.jpg = Samples\Content\DSC0862.jpg
		Samples\Content\DSC1042.jpg = Samples\Content\DSC1042.jpg
		Samples\Content\DSC1044.jpg = Samples\Content\DSC1044.jpg
		Samples\Content\DSC2145.jpg = Samples\Content\DSC2145.jpg
		Samples\Content\DSC2152.jpg = Samples\Content\DSC2152.jpg
		Samples\Content\DSC2468.jpg = Samples\Content\DSC2468.jpg
		Samples\Content\DSC3714.jpg = Samples\Content\DSC3714.jpg
		Samples\Content\DSC3718.jpg = Samples\Content\DSC3718.jpg
		Samples\Content\DSC3720.jpg = Samples\Content\DSC3720.jpg
		Samples\Content\DSC3781.jpg = Samples\Content\DSC3781.jpg
		Samples\Content\DSC3808.jpg = Samples\Content\DSC3808.jpg
		Samples\Content\DSC3884.jpg = Samples\Content\DSC3884.jpg
		Samples\Content\DSC4029.jpg = Samples\Content\DSC4029.jpg
		Samples\Content\DSC4037.jpg = Samples\Content\DSC4037.jpg
		Samples\Content\DSC4038.jpg = Samples\Content\DSC4038.jpg
		Samples\Content\DSC4205.jpg = Samples\Content\DSC4205.jpg
		Samples\Content\DSC4216.jpg = Samples\Content\DSC4216.jpg
		Samples\Content\DSC5718.jpg = Samples\Content\DSC5718.jpg
		Samples\Content\DSC5819.jpg = Samples\Content\DSC5819.jpg
		Samples\Content\DSC5839.jpg = Samples\Content\DSC5839.jpg
		Samples\Content\DSC8169.jpg = Samples\Content\DSC8169.jpg
		Samples\Content\DSC8177.jpg = Samples\Content\DSC8177.jpg
		Samples\Content\DSC8327.jpg = Samples\Content\DSC8327.jpg
		Samples\Content\DSC8333.jpg = Samples\Content\DSC8333.jpg
		Samples\Content\DSC8462.jpg = Samples\Content\DSC8462.jpg
		Samples\Content\DSC8789.jpg = Samples\Content\DSC8789.jpg
		Samples\Content\DSC9135.jpg = Samples\Content\DSC9135.jpg
		Samples\Content\DSC9230.jpg = Samples\Content\DSC9230.jpg
		Samples\Content\DSC9235.jpg = Samples\Content\DSC9235.jpg
		Samples\Content\DSC9319.jpg = Samples\Content\DSC9319.jpg
		Samples\Content\DSC9323.jpg = Samples\Content\DSC9323.jpg
		Samples\Content\DSC9329.jpg = Samples\Content\DSC9329.jpg
		Samples\Content\DSC9823.jpg = Samples\Content\DSC9823.jpg
		Samples\Content\DSC9827.jpg = Samples\Content\DSC9827.jpg
		Samples\Content\DSC9831.jpg = Samples\Content\DSC9831.jpg
		Samples\Content\DSC9839.jpg = Samples\Content\DSC9839.jpg
		Samples\Content\DSC9892.jpg = Samples\Content\DSC9892.jpg
		Samples\Content\DSC9904.jpg = Samples\Content\DSC9904.jpg
	EndProjectSection
EndProject
Project("{2150E333-8FDC-42A3-9474-1A3956D46DE8}") = "Plugins", "Plugins", "{75BDDBB5-8DB8-4893-BD89-8FFC6C42244D}"
EndProject
Project("{2150E333-8FDC-42A3-9474-1A3956D46DE8}") = "Transport", "Transport", "{9291D340-B4FA-44A3-8060-C14743FB1712}"
	ProjectSection(SolutionItems) = preProject
		Host.Transport.Properties.xml = Host.Transport.Properties.xml
	EndProjectSection
EndProject
Project("{9A19103F-16F7-4668-BE54-9A1E7A4F7556}") = "SlimMessageBus", "SlimMessageBus\SlimMessageBus.csproj", "{C47CFB84-E5AC-4539-822D-6612D671CA6C}"
EndProject
Project("{9A19103F-16F7-4668-BE54-9A1E7A4F7556}") = "SlimMessageBus.Host", "SlimMessageBus.Host\SlimMessageBus.Host.csproj", "{CA4F7162-B1FA-4236-92A7-FE26150F848B}"
EndProject
Project("{9A19103F-16F7-4668-BE54-9A1E7A4F7556}") = "SlimMessageBus.Host.Serialization.Json", "SlimMessageBus.Host.Serialization.Json\SlimMessageBus.Host.Serialization.Json.csproj", "{4522DD48-C123-453D-8982-B50F334FB710}"
EndProject
Project("{9A19103F-16F7-4668-BE54-9A1E7A4F7556}") = "SlimMessageBus.Host.ServiceLocator", "SlimMessageBus.Host.ServiceLocator\SlimMessageBus.Host.ServiceLocator.csproj", "{0AEDF16E-2259-45C8-A9CE-1F20DC10A07B}"
EndProject
Project("{9A19103F-16F7-4668-BE54-9A1E7A4F7556}") = "SlimMessageBus.Host.Unity", "SlimMessageBus.Host.Unity\SlimMessageBus.Host.Unity.csproj", "{3298D5AF-CDBA-49BE-AB1F-D8045786AE8C}"
EndProject
Project("{9A19103F-16F7-4668-BE54-9A1E7A4F7556}") = "SlimMessageBus.Host.Autofac", "SlimMessageBus.Host.Autofac\SlimMessageBus.Host.Autofac.csproj", "{817A84EB-2C16-4008-84EA-0C5156AB3855}"
EndProject
Project("{9A19103F-16F7-4668-BE54-9A1E7A4F7556}") = "SlimMessageBus.Host.Kafka", "SlimMessageBus.Host.Kafka\SlimMessageBus.Host.Kafka.csproj", "{8C29641A-22B6-4E0F-8C32-35C98169EC6A}"
EndProject
Project("{9A19103F-16F7-4668-BE54-9A1E7A4F7556}") = "SlimMessageBus.Host.AzureEventHub", "SlimMessageBus.Host.AzureEventHub\SlimMessageBus.Host.AzureEventHub.csproj", "{9646475B-4502-4E9B-AE48-8CEE3BFF52DD}"
EndProject
Project("{9A19103F-16F7-4668-BE54-9A1E7A4F7556}") = "SlimMessageBus.Host.Memory", "SlimMessageBus.Host.Memory\SlimMessageBus.Host.Memory.csproj", "{1BB013BD-AB93-406E-8E1F-E719C23FC252}"
EndProject
Project("{9A19103F-16F7-4668-BE54-9A1E7A4F7556}") = "Sample.Simple.ConsoleApp", "Samples\Sample.Simple.ConsoleApp\Sample.Simple.ConsoleApp.csproj", "{118EF006-EF86-4A31-83FA-81DEDF32CB91}"
EndProject
Project("{9A19103F-16F7-4668-BE54-9A1E7A4F7556}") = "Sample.Images.FileStore", "Samples\Sample.Images.FileStore\Sample.Images.FileStore.csproj", "{D6382E8D-6EFC-4255-9925-A574BC627614}"
EndProject
Project("{9A19103F-16F7-4668-BE54-9A1E7A4F7556}") = "Sample.Images.Messages", "Samples\Sample.Images.Messages\Sample.Images.Messages.csproj", "{4D66878E-21B0-454A-9FD6-F15FBC21AE5B}"
EndProject
Project("{9A19103F-16F7-4668-BE54-9A1E7A4F7556}") = "Sample.Images.WebApi", "Samples\Sample.Images.WebApi\Sample.Images.WebApi.csproj", "{5906DC6C-7768-4FEA-814F-68649FA7E7F2}"
EndProject
Project("{9A19103F-16F7-4668-BE54-9A1E7A4F7556}") = "SlimMessageBus.Test", "Tests\SlimMessageBus.Test\SlimMessageBus.Test.csproj", "{C1BB505F-5E42-4172-A724-32410E9516CC}"
EndProject
Project("{9A19103F-16F7-4668-BE54-9A1E7A4F7556}") = "SlimMessageBus.Host.Test", "Tests\SlimMessageBus.Host.Test\SlimMessageBus.Host.Test.csproj", "{C2502C41-6DA0-4F36-8FB1-9AE54B5C413F}"
EndProject
Project("{9A19103F-16F7-4668-BE54-9A1E7A4F7556}") = "SlimMessageBus.Host.Kafka.Test", "Tests\SlimMessageBus.Host.Kafka.Test\SlimMessageBus.Host.Kafka.Test.csproj", "{089CE39A-8FCD-488A-B5AA-5A24E8D72397}"
EndProject
Project("{9A19103F-16F7-4668-BE54-9A1E7A4F7556}") = "SlimMessageBus.Host.AzureEventHub.Test", "Tests\SlimMessageBus.Host.AzureEventHub.Test\SlimMessageBus.Host.AzureEventHub.Test.csproj", "{16FA675A-CF71-4C0F-84E0-CC724668066D}"
EndProject
Project("{9A19103F-16F7-4668-BE54-9A1E7A4F7556}") = "Sample.Images.Worker", "Samples\Sample.Images.Worker\Sample.Images.Worker.csproj", "{19071CC2-DA95-4E9D-86DB-5DF2F810197A}"
EndProject
Project("{9A19103F-16F7-4668-BE54-9A1E7A4F7556}") = "Sample.DomainEvents.Domain", "Samples\Sample.DomainEvents.Domain\Sample.DomainEvents.Domain.csproj", "{524F174F-1B58-48AE-B5EF-8D15110F75BA}"
EndProject
Project("{9A19103F-16F7-4668-BE54-9A1E7A4F7556}") = "Sample.DomainEvents.WebApi", "Samples\Sample.DomainEvents.WebApi\Sample.DomainEvents.WebApi.csproj", "{910289CE-825F-4CAF-B9DB-BD3E97F2E6E1}"
EndProject
Project("{9A19103F-16F7-4668-BE54-9A1E7A4F7556}") = "SlimMessageBus.Host.AspNetCore", "SlimMessageBus.Host.AspNetCore\SlimMessageBus.Host.AspNetCore.csproj", "{D24DFA4B-F522-41D9-BEDD-419994F6F625}"
EndProject
Project("{9A19103F-16F7-4668-BE54-9A1E7A4F7556}") = "SlimMessageBus.Host.Memory.Test", "Tests\SlimMessageBus.Host.Memory.Test\SlimMessageBus.Host.Memory.Test.csproj", "{D4542D75-F4D5-4DF6-BA86-9248909AA023}"
EndProject
Project("{2150E333-8FDC-42A3-9474-1A3956D46DE8}") = "Core", "Core", "{BC358EE4-734D-4CE3-A053-0A2490A2E39A}"
EndProject
Project("{9A19103F-16F7-4668-BE54-9A1E7A4F7556}") = "SlimMessageBus.Host.Serialization", "SlimMessageBus.Host.Serialization\SlimMessageBus.Host.Serialization.csproj", "{F2AA70C4-DC0D-4BAC-8DEC-A22E51A84715}"
EndProject
Project("{9A19103F-16F7-4668-BE54-9A1E7A4F7556}") = "SlimMessageBus.Host.DependencyResolver", "SlimMessageBus.Host.DependencyResolver\SlimMessageBus.Host.DependencyResolver.csproj", "{47433982-3DBB-4D4E-AC4C-3391BDA09EDA}"
EndProject
Project("{9A19103F-16F7-4668-BE54-9A1E7A4F7556}") = "SlimMessageBus.Host.AzureServiceBus", "SlimMessageBus.Host.AzureServiceBus\SlimMessageBus.Host.AzureServiceBus.csproj", "{491E5847-4A39-46A6-94F8-DB4BA71AD4E5}"
EndProject
Project("{9A19103F-16F7-4668-BE54-9A1E7A4F7556}") = "SlimMessageBus.Host.AzureServiceBus.Test", "Tests\SlimMessageBus.Host.AzureServiceBus.Test\SlimMessageBus.Host.AzureServiceBus.Test.csproj", "{A36ABF79-5E8A-40F1-BF8E-5838D6AE577A}"
EndProject
Project("{2150E333-8FDC-42A3-9474-1A3956D46DE8}") = "Tools", "Tools", "{D3D6FD9A-968A-45BB-86C7-4527C72A057E}"
EndProject
Project("{9A19103F-16F7-4668-BE54-9A1E7A4F7556}") = "SecretStore", "Tools\SecretStore\SecretStore.csproj", "{641FFF77-D5D2-4A11-B8C3-9607BE962D0B}"
EndProject
Project("{9A19103F-16F7-4668-BE54-9A1E7A4F7556}") = "SlimMessageBus.Host.Hybrid", "SlimMessageBus.Host.Hybrid\SlimMessageBus.Host.Hybrid.csproj", "{75A28793-0E66-4C0B-8F6D-211A7F648F63}"
EndProject
Project("{9A19103F-16F7-4668-BE54-9A1E7A4F7556}") = "Sample.Hybrid.ConsoleApp", "Samples\Sample.Hybrid.ConsoleApp\Sample.Hybrid.ConsoleApp.csproj", "{42916EB7-5D46-40C0-8CA8-0521F130964D}"
EndProject
Project("{9A19103F-16F7-4668-BE54-9A1E7A4F7556}") = "SlimMessageBus.Host.Redis.Test", "Tests\SlimMessageBus.Host.Redis.Test\SlimMessageBus.Host.Redis.Test.csproj", "{93157E11-D59A-45CE-8EFF-220048A75276}"
EndProject
Project("{9A19103F-16F7-4668-BE54-9A1E7A4F7556}") = "SlimMessageBus.Host.Serialization.Avro", "SlimMessageBus.Host.Serialization.Avro\SlimMessageBus.Host.Serialization.Avro.csproj", "{6AF37CE1-4074-467B-91E2-7FA5CF6D6CB4}"
EndProject
Project("{2150E333-8FDC-42A3-9474-1A3956D46DE8}") = "Solution Items", "Solution Items", "{A6C28448-3839-490C-BE30-580C1A45E225}"
	ProjectSection(SolutionItems) = preProject
		.editorconfig = .editorconfig
		cloudkarafka_2020-12.ca = cloudkarafka_2020-12.ca
		Common.Properties.xml = Common.Properties.xml
		..\CONTRIBUTING.md = ..\CONTRIBUTING.md
		..\build\do_build.ps1 = ..\build\do_build.ps1
		..\build\do_package.ps1 = ..\build\do_package.ps1
		..\build\do_test.ps1 = ..\build\do_test.ps1
		..\build\do_test_ci.ps1 = ..\build\do_test_ci.ps1
		..\README.md = ..\README.md
		..\build\tasks.ps1 = ..\build\tasks.ps1
	EndProjectSection
EndProject
Project("{9A19103F-16F7-4668-BE54-9A1E7A4F7556}") = "SlimMessageBus.Host.Serialization.Benchmark", "Tests\SlimMessageBus.Host.Serialization.Benchmark\SlimMessageBus.Host.Serialization.Benchmark.csproj", "{88D66F27-B71C-44B6-8F73-C412FA20F065}"
EndProject
Project("{9A19103F-16F7-4668-BE54-9A1E7A4F7556}") = "Sample.Serialization.ConsoleApp", "Samples\Sample.Serialization.ConsoleApp\Sample.Serialization.ConsoleApp.csproj", "{7D5E4522-8D44-471B-AB01-70FC65948B36}"
EndProject
Project("{9A19103F-16F7-4668-BE54-9A1E7A4F7556}") = "Sample.Serialization.MessagesAvro", "Samples\Sample.Serialization.MessagesAvro\Sample.Serialization.MessagesAvro.csproj", "{81D3FE99-67E6-40AC-A893-AAC4002A30B1}"
EndProject
Project("{9A19103F-16F7-4668-BE54-9A1E7A4F7556}") = "SlimMessageBus.Host.Serialization.Hybrid", "SlimMessageBus.Host.Serialization.Hybrid\SlimMessageBus.Host.Serialization.Hybrid.csproj", "{A6E0EF17-5D09-481A-90F9-16FC24E12AA8}"
EndProject
Project("{9A19103F-16F7-4668-BE54-9A1E7A4F7556}") = "SlimMessageBus.Host.Hybrid.Test", "Tests\SlimMessageBus.Host.Hybrid.Test\SlimMessageBus.Host.Hybrid.Test.csproj", "{7E18058A-55F3-4342-A27E-F9E4A3BF2A54}"
EndProject
Project("{2150E333-8FDC-42A3-9474-1A3956D46DE8}") = "Docs", "Docs", "{CBE53E71-7F48-415C-BD43-B812EC207BC6}"
	ProjectSection(SolutionItems) = preProject
		..\docs\intro.md = ..\docs\intro.md
		..\docs\provider_azure_eventhubs.md = ..\docs\provider_azure_eventhubs.md
		..\docs\provider_azure_servicebus.md = ..\docs\provider_azure_servicebus.md
		..\docs\provider_hybrid.md = ..\docs\provider_hybrid.md
		..\docs\provider_kafka.md = ..\docs\provider_kafka.md
		..\docs\provider_memory.md = ..\docs\provider_memory.md
		..\docs\provider_redis.md = ..\docs\provider_redis.md
		..\docs\README.md = ..\docs\README.md
		..\README.md = ..\README.md
		Samples\README.md = Samples\README.md
		..\docs\release_notes.md = ..\docs\release_notes.md
		..\docs\serialization.md = ..\docs\serialization.md
	EndProjectSection
EndProject
Project("{9A19103F-16F7-4668-BE54-9A1E7A4F7556}") = "SlimMessageBus.Host.Redis", "SlimMessageBus.Host.Redis\SlimMessageBus.Host.Redis.csproj", "{5F0638BD-2967-4257-A73D-80C45F40CE4F}"
EndProject
Project("{2150E333-8FDC-42A3-9474-1A3956D46DE8}") = "DI", "DI", "{CD48FE11-EF0E-41C0-A042-21BB9673FF3C}"
	ProjectSection(SolutionItems) = preProject
		Host.DI.Properties.xml = Host.DI.Properties.xml
	EndProjectSection
EndProject
Project("{2150E333-8FDC-42A3-9474-1A3956D46DE8}") = "Serialization", "Serialization", "{D7DCD96A-C3B8-4D22-8216-0E8ADD30C03F}"
	ProjectSection(SolutionItems) = preProject
		Host.Serialization.Properties.xml = Host.Serialization.Properties.xml
	EndProjectSection
EndProject
Project("{9A19103F-16F7-4668-BE54-9A1E7A4F7556}") = "SlimMessageBus.Host.MsDependencyInjection", "SlimMessageBus.Host.MsDependencyInjection\SlimMessageBus.Host.MsDependencyInjection.csproj", "{0B310151-44A2-4857-9A4E-7AC2D677BDE3}"
EndProject
Project("{2150E333-8FDC-42A3-9474-1A3956D46DE8}") = "Infrastructure", "Infrastructure", "{59F88FB5-6D19-4520-87E8-227B3539BBB3}"
	ProjectSection(SolutionItems) = preProject
		Samples\Infrastructure\README.md = Samples\Infrastructure\README.md
	EndProjectSection
EndProject
Project("{2150E333-8FDC-42A3-9474-1A3956D46DE8}") = "Kafka-SingleNode", "Kafka-SingleNode", "{E39CB080-5838-47AF-835B-9E32A2FFE811}"
	ProjectSection(SolutionItems) = preProject
		Samples\Infrastructure\Kafka-SingleNode\docker-compose.yml = Samples\Infrastructure\Kafka-SingleNode\docker-compose.yml
	EndProjectSection
EndProject
Project("{9A19103F-16F7-4668-BE54-9A1E7A4F7556}") = "SlimMessageBus.Host.Test.Common", "Tests\SlimMessageBus.Host.Test.Common\SlimMessageBus.Host.Test.Common.csproj", "{3C4201FD-026D-46E7-ACCB-78E04C59B47F}"
EndProject
Project("{9A19103F-16F7-4668-BE54-9A1E7A4F7556}") = "Sample.DomainEvents.Application", "Samples\Sample.DomainEvents.Application\Sample.DomainEvents.Application.csproj", "{3EC2E833-5E49-4AF3-A818-025A40C7FC8C}"
EndProject
Project("{9A19103F-16F7-4668-BE54-9A1E7A4F7556}") = "SlimMessageBus.Host.Integration", "Tests\SlimMessageBus.Host.Integration\SlimMessageBus.Host.Integration.csproj", "{14759C5E-A787-4AF3-A610-5DB9389B79BE}"
EndProject
Project("{FAE04EC0-301F-11D3-BF4B-00C04F79EFBC}") = "SlimMessageBus.Host.Interceptor", "SlimMessageBus.Host.Interceptor\SlimMessageBus.Host.Interceptor.csproj", "{9E424B40-773E-429A-9C07-D64D014BB571}"
EndProject
Global
	GlobalSection(SolutionConfigurationPlatforms) = preSolution
		Debug|Any CPU = Debug|Any CPU
		Debug|x86 = Debug|x86
		Release|Any CPU = Release|Any CPU
		Release|x86 = Release|x86
	EndGlobalSection
	GlobalSection(ProjectConfigurationPlatforms) = postSolution
		{C47CFB84-E5AC-4539-822D-6612D671CA6C}.Debug|Any CPU.ActiveCfg = Debug|Any CPU
		{C47CFB84-E5AC-4539-822D-6612D671CA6C}.Debug|Any CPU.Build.0 = Debug|Any CPU
		{C47CFB84-E5AC-4539-822D-6612D671CA6C}.Debug|x86.ActiveCfg = Debug|Any CPU
		{C47CFB84-E5AC-4539-822D-6612D671CA6C}.Debug|x86.Build.0 = Debug|Any CPU
		{C47CFB84-E5AC-4539-822D-6612D671CA6C}.Release|Any CPU.ActiveCfg = Release|Any CPU
		{C47CFB84-E5AC-4539-822D-6612D671CA6C}.Release|Any CPU.Build.0 = Release|Any CPU
		{C47CFB84-E5AC-4539-822D-6612D671CA6C}.Release|x86.ActiveCfg = Release|Any CPU
		{C47CFB84-E5AC-4539-822D-6612D671CA6C}.Release|x86.Build.0 = Release|Any CPU
		{CA4F7162-B1FA-4236-92A7-FE26150F848B}.Debug|Any CPU.ActiveCfg = Debug|Any CPU
		{CA4F7162-B1FA-4236-92A7-FE26150F848B}.Debug|Any CPU.Build.0 = Debug|Any CPU
		{CA4F7162-B1FA-4236-92A7-FE26150F848B}.Debug|x86.ActiveCfg = Debug|Any CPU
		{CA4F7162-B1FA-4236-92A7-FE26150F848B}.Debug|x86.Build.0 = Debug|Any CPU
		{CA4F7162-B1FA-4236-92A7-FE26150F848B}.Release|Any CPU.ActiveCfg = Release|Any CPU
		{CA4F7162-B1FA-4236-92A7-FE26150F848B}.Release|Any CPU.Build.0 = Release|Any CPU
		{CA4F7162-B1FA-4236-92A7-FE26150F848B}.Release|x86.ActiveCfg = Release|Any CPU
		{CA4F7162-B1FA-4236-92A7-FE26150F848B}.Release|x86.Build.0 = Release|Any CPU
		{4522DD48-C123-453D-8982-B50F334FB710}.Debug|Any CPU.ActiveCfg = Debug|Any CPU
		{4522DD48-C123-453D-8982-B50F334FB710}.Debug|Any CPU.Build.0 = Debug|Any CPU
		{4522DD48-C123-453D-8982-B50F334FB710}.Debug|x86.ActiveCfg = Debug|Any CPU
		{4522DD48-C123-453D-8982-B50F334FB710}.Debug|x86.Build.0 = Debug|Any CPU
		{4522DD48-C123-453D-8982-B50F334FB710}.Release|Any CPU.ActiveCfg = Release|Any CPU
		{4522DD48-C123-453D-8982-B50F334FB710}.Release|Any CPU.Build.0 = Release|Any CPU
		{4522DD48-C123-453D-8982-B50F334FB710}.Release|x86.ActiveCfg = Release|Any CPU
		{4522DD48-C123-453D-8982-B50F334FB710}.Release|x86.Build.0 = Release|Any CPU
		{0AEDF16E-2259-45C8-A9CE-1F20DC10A07B}.Debug|Any CPU.ActiveCfg = Debug|Any CPU
		{0AEDF16E-2259-45C8-A9CE-1F20DC10A07B}.Debug|Any CPU.Build.0 = Debug|Any CPU
		{0AEDF16E-2259-45C8-A9CE-1F20DC10A07B}.Debug|x86.ActiveCfg = Debug|Any CPU
		{0AEDF16E-2259-45C8-A9CE-1F20DC10A07B}.Debug|x86.Build.0 = Debug|Any CPU
		{0AEDF16E-2259-45C8-A9CE-1F20DC10A07B}.Release|Any CPU.ActiveCfg = Release|Any CPU
		{0AEDF16E-2259-45C8-A9CE-1F20DC10A07B}.Release|Any CPU.Build.0 = Release|Any CPU
		{0AEDF16E-2259-45C8-A9CE-1F20DC10A07B}.Release|x86.ActiveCfg = Release|Any CPU
		{0AEDF16E-2259-45C8-A9CE-1F20DC10A07B}.Release|x86.Build.0 = Release|Any CPU
		{3298D5AF-CDBA-49BE-AB1F-D8045786AE8C}.Debug|Any CPU.ActiveCfg = Debug|Any CPU
		{3298D5AF-CDBA-49BE-AB1F-D8045786AE8C}.Debug|Any CPU.Build.0 = Debug|Any CPU
		{3298D5AF-CDBA-49BE-AB1F-D8045786AE8C}.Debug|x86.ActiveCfg = Debug|Any CPU
		{3298D5AF-CDBA-49BE-AB1F-D8045786AE8C}.Debug|x86.Build.0 = Debug|Any CPU
		{3298D5AF-CDBA-49BE-AB1F-D8045786AE8C}.Release|Any CPU.ActiveCfg = Release|Any CPU
		{3298D5AF-CDBA-49BE-AB1F-D8045786AE8C}.Release|Any CPU.Build.0 = Release|Any CPU
		{3298D5AF-CDBA-49BE-AB1F-D8045786AE8C}.Release|x86.ActiveCfg = Release|Any CPU
		{3298D5AF-CDBA-49BE-AB1F-D8045786AE8C}.Release|x86.Build.0 = Release|Any CPU
		{817A84EB-2C16-4008-84EA-0C5156AB3855}.Debug|Any CPU.ActiveCfg = Debug|Any CPU
		{817A84EB-2C16-4008-84EA-0C5156AB3855}.Debug|Any CPU.Build.0 = Debug|Any CPU
		{817A84EB-2C16-4008-84EA-0C5156AB3855}.Debug|x86.ActiveCfg = Debug|Any CPU
		{817A84EB-2C16-4008-84EA-0C5156AB3855}.Debug|x86.Build.0 = Debug|Any CPU
		{817A84EB-2C16-4008-84EA-0C5156AB3855}.Release|Any CPU.ActiveCfg = Release|Any CPU
		{817A84EB-2C16-4008-84EA-0C5156AB3855}.Release|Any CPU.Build.0 = Release|Any CPU
		{817A84EB-2C16-4008-84EA-0C5156AB3855}.Release|x86.ActiveCfg = Release|Any CPU
		{817A84EB-2C16-4008-84EA-0C5156AB3855}.Release|x86.Build.0 = Release|Any CPU
		{8C29641A-22B6-4E0F-8C32-35C98169EC6A}.Debug|Any CPU.ActiveCfg = Debug|Any CPU
		{8C29641A-22B6-4E0F-8C32-35C98169EC6A}.Debug|Any CPU.Build.0 = Debug|Any CPU
		{8C29641A-22B6-4E0F-8C32-35C98169EC6A}.Debug|x86.ActiveCfg = Debug|Any CPU
		{8C29641A-22B6-4E0F-8C32-35C98169EC6A}.Debug|x86.Build.0 = Debug|Any CPU
		{8C29641A-22B6-4E0F-8C32-35C98169EC6A}.Release|Any CPU.ActiveCfg = Release|Any CPU
		{8C29641A-22B6-4E0F-8C32-35C98169EC6A}.Release|Any CPU.Build.0 = Release|Any CPU
		{8C29641A-22B6-4E0F-8C32-35C98169EC6A}.Release|x86.ActiveCfg = Release|Any CPU
		{8C29641A-22B6-4E0F-8C32-35C98169EC6A}.Release|x86.Build.0 = Release|Any CPU
		{9646475B-4502-4E9B-AE48-8CEE3BFF52DD}.Debug|Any CPU.ActiveCfg = Debug|Any CPU
		{9646475B-4502-4E9B-AE48-8CEE3BFF52DD}.Debug|Any CPU.Build.0 = Debug|Any CPU
		{9646475B-4502-4E9B-AE48-8CEE3BFF52DD}.Debug|x86.ActiveCfg = Debug|Any CPU
		{9646475B-4502-4E9B-AE48-8CEE3BFF52DD}.Debug|x86.Build.0 = Debug|Any CPU
		{9646475B-4502-4E9B-AE48-8CEE3BFF52DD}.Release|Any CPU.ActiveCfg = Release|Any CPU
		{9646475B-4502-4E9B-AE48-8CEE3BFF52DD}.Release|Any CPU.Build.0 = Release|Any CPU
		{9646475B-4502-4E9B-AE48-8CEE3BFF52DD}.Release|x86.ActiveCfg = Release|Any CPU
		{9646475B-4502-4E9B-AE48-8CEE3BFF52DD}.Release|x86.Build.0 = Release|Any CPU
		{1BB013BD-AB93-406E-8E1F-E719C23FC252}.Debug|Any CPU.ActiveCfg = Debug|Any CPU
		{1BB013BD-AB93-406E-8E1F-E719C23FC252}.Debug|Any CPU.Build.0 = Debug|Any CPU
		{1BB013BD-AB93-406E-8E1F-E719C23FC252}.Debug|x86.ActiveCfg = Debug|Any CPU
		{1BB013BD-AB93-406E-8E1F-E719C23FC252}.Debug|x86.Build.0 = Debug|Any CPU
		{1BB013BD-AB93-406E-8E1F-E719C23FC252}.Release|Any CPU.ActiveCfg = Release|Any CPU
		{1BB013BD-AB93-406E-8E1F-E719C23FC252}.Release|Any CPU.Build.0 = Release|Any CPU
		{1BB013BD-AB93-406E-8E1F-E719C23FC252}.Release|x86.ActiveCfg = Release|Any CPU
		{1BB013BD-AB93-406E-8E1F-E719C23FC252}.Release|x86.Build.0 = Release|Any CPU
		{118EF006-EF86-4A31-83FA-81DEDF32CB91}.Debug|Any CPU.ActiveCfg = Debug|Any CPU
		{118EF006-EF86-4A31-83FA-81DEDF32CB91}.Debug|Any CPU.Build.0 = Debug|Any CPU
		{118EF006-EF86-4A31-83FA-81DEDF32CB91}.Debug|x86.ActiveCfg = Debug|Any CPU
		{118EF006-EF86-4A31-83FA-81DEDF32CB91}.Debug|x86.Build.0 = Debug|Any CPU
		{118EF006-EF86-4A31-83FA-81DEDF32CB91}.Release|Any CPU.ActiveCfg = Release|Any CPU
		{118EF006-EF86-4A31-83FA-81DEDF32CB91}.Release|Any CPU.Build.0 = Release|Any CPU
		{118EF006-EF86-4A31-83FA-81DEDF32CB91}.Release|x86.ActiveCfg = Release|Any CPU
		{118EF006-EF86-4A31-83FA-81DEDF32CB91}.Release|x86.Build.0 = Release|Any CPU
		{D6382E8D-6EFC-4255-9925-A574BC627614}.Debug|Any CPU.ActiveCfg = Debug|Any CPU
		{D6382E8D-6EFC-4255-9925-A574BC627614}.Debug|Any CPU.Build.0 = Debug|Any CPU
		{D6382E8D-6EFC-4255-9925-A574BC627614}.Debug|x86.ActiveCfg = Debug|Any CPU
		{D6382E8D-6EFC-4255-9925-A574BC627614}.Debug|x86.Build.0 = Debug|Any CPU
		{D6382E8D-6EFC-4255-9925-A574BC627614}.Release|Any CPU.ActiveCfg = Release|Any CPU
		{D6382E8D-6EFC-4255-9925-A574BC627614}.Release|Any CPU.Build.0 = Release|Any CPU
		{D6382E8D-6EFC-4255-9925-A574BC627614}.Release|x86.ActiveCfg = Release|Any CPU
		{D6382E8D-6EFC-4255-9925-A574BC627614}.Release|x86.Build.0 = Release|Any CPU
		{4D66878E-21B0-454A-9FD6-F15FBC21AE5B}.Debug|Any CPU.ActiveCfg = Debug|Any CPU
		{4D66878E-21B0-454A-9FD6-F15FBC21AE5B}.Debug|Any CPU.Build.0 = Debug|Any CPU
		{4D66878E-21B0-454A-9FD6-F15FBC21AE5B}.Debug|x86.ActiveCfg = Debug|Any CPU
		{4D66878E-21B0-454A-9FD6-F15FBC21AE5B}.Debug|x86.Build.0 = Debug|Any CPU
		{4D66878E-21B0-454A-9FD6-F15FBC21AE5B}.Release|Any CPU.ActiveCfg = Release|Any CPU
		{4D66878E-21B0-454A-9FD6-F15FBC21AE5B}.Release|Any CPU.Build.0 = Release|Any CPU
		{4D66878E-21B0-454A-9FD6-F15FBC21AE5B}.Release|x86.ActiveCfg = Release|Any CPU
		{4D66878E-21B0-454A-9FD6-F15FBC21AE5B}.Release|x86.Build.0 = Release|Any CPU
		{5906DC6C-7768-4FEA-814F-68649FA7E7F2}.Debug|Any CPU.ActiveCfg = Debug|Any CPU
		{5906DC6C-7768-4FEA-814F-68649FA7E7F2}.Debug|Any CPU.Build.0 = Debug|Any CPU
		{5906DC6C-7768-4FEA-814F-68649FA7E7F2}.Debug|x86.ActiveCfg = Debug|Any CPU
		{5906DC6C-7768-4FEA-814F-68649FA7E7F2}.Debug|x86.Build.0 = Debug|Any CPU
		{5906DC6C-7768-4FEA-814F-68649FA7E7F2}.Release|Any CPU.ActiveCfg = Release|Any CPU
		{5906DC6C-7768-4FEA-814F-68649FA7E7F2}.Release|Any CPU.Build.0 = Release|Any CPU
		{5906DC6C-7768-4FEA-814F-68649FA7E7F2}.Release|x86.ActiveCfg = Release|Any CPU
		{5906DC6C-7768-4FEA-814F-68649FA7E7F2}.Release|x86.Build.0 = Release|Any CPU
		{C1BB505F-5E42-4172-A724-32410E9516CC}.Debug|Any CPU.ActiveCfg = Debug|Any CPU
		{C1BB505F-5E42-4172-A724-32410E9516CC}.Debug|Any CPU.Build.0 = Debug|Any CPU
		{C1BB505F-5E42-4172-A724-32410E9516CC}.Debug|x86.ActiveCfg = Debug|Any CPU
		{C1BB505F-5E42-4172-A724-32410E9516CC}.Debug|x86.Build.0 = Debug|Any CPU
		{C1BB505F-5E42-4172-A724-32410E9516CC}.Release|Any CPU.ActiveCfg = Release|Any CPU
		{C1BB505F-5E42-4172-A724-32410E9516CC}.Release|Any CPU.Build.0 = Release|Any CPU
		{C1BB505F-5E42-4172-A724-32410E9516CC}.Release|x86.ActiveCfg = Release|Any CPU
		{C1BB505F-5E42-4172-A724-32410E9516CC}.Release|x86.Build.0 = Release|Any CPU
		{C2502C41-6DA0-4F36-8FB1-9AE54B5C413F}.Debug|Any CPU.ActiveCfg = Debug|Any CPU
		{C2502C41-6DA0-4F36-8FB1-9AE54B5C413F}.Debug|Any CPU.Build.0 = Debug|Any CPU
		{C2502C41-6DA0-4F36-8FB1-9AE54B5C413F}.Debug|x86.ActiveCfg = Debug|Any CPU
		{C2502C41-6DA0-4F36-8FB1-9AE54B5C413F}.Debug|x86.Build.0 = Debug|Any CPU
		{C2502C41-6DA0-4F36-8FB1-9AE54B5C413F}.Release|Any CPU.ActiveCfg = Release|Any CPU
		{C2502C41-6DA0-4F36-8FB1-9AE54B5C413F}.Release|Any CPU.Build.0 = Release|Any CPU
		{C2502C41-6DA0-4F36-8FB1-9AE54B5C413F}.Release|x86.ActiveCfg = Release|Any CPU
		{C2502C41-6DA0-4F36-8FB1-9AE54B5C413F}.Release|x86.Build.0 = Release|Any CPU
		{089CE39A-8FCD-488A-B5AA-5A24E8D72397}.Debug|Any CPU.ActiveCfg = Debug|Any CPU
		{089CE39A-8FCD-488A-B5AA-5A24E8D72397}.Debug|Any CPU.Build.0 = Debug|Any CPU
		{089CE39A-8FCD-488A-B5AA-5A24E8D72397}.Debug|x86.ActiveCfg = Debug|Any CPU
		{089CE39A-8FCD-488A-B5AA-5A24E8D72397}.Debug|x86.Build.0 = Debug|Any CPU
		{089CE39A-8FCD-488A-B5AA-5A24E8D72397}.Release|Any CPU.ActiveCfg = Release|Any CPU
		{089CE39A-8FCD-488A-B5AA-5A24E8D72397}.Release|Any CPU.Build.0 = Release|Any CPU
		{089CE39A-8FCD-488A-B5AA-5A24E8D72397}.Release|x86.ActiveCfg = Release|Any CPU
		{089CE39A-8FCD-488A-B5AA-5A24E8D72397}.Release|x86.Build.0 = Release|Any CPU
		{16FA675A-CF71-4C0F-84E0-CC724668066D}.Debug|Any CPU.ActiveCfg = Debug|Any CPU
		{16FA675A-CF71-4C0F-84E0-CC724668066D}.Debug|Any CPU.Build.0 = Debug|Any CPU
		{16FA675A-CF71-4C0F-84E0-CC724668066D}.Debug|x86.ActiveCfg = Debug|Any CPU
		{16FA675A-CF71-4C0F-84E0-CC724668066D}.Debug|x86.Build.0 = Debug|Any CPU
		{16FA675A-CF71-4C0F-84E0-CC724668066D}.Release|Any CPU.ActiveCfg = Release|Any CPU
		{16FA675A-CF71-4C0F-84E0-CC724668066D}.Release|Any CPU.Build.0 = Release|Any CPU
		{16FA675A-CF71-4C0F-84E0-CC724668066D}.Release|x86.ActiveCfg = Release|Any CPU
		{16FA675A-CF71-4C0F-84E0-CC724668066D}.Release|x86.Build.0 = Release|Any CPU
		{19071CC2-DA95-4E9D-86DB-5DF2F810197A}.Debug|Any CPU.ActiveCfg = Debug|Any CPU
		{19071CC2-DA95-4E9D-86DB-5DF2F810197A}.Debug|Any CPU.Build.0 = Debug|Any CPU
		{19071CC2-DA95-4E9D-86DB-5DF2F810197A}.Debug|x86.ActiveCfg = Debug|Any CPU
		{19071CC2-DA95-4E9D-86DB-5DF2F810197A}.Debug|x86.Build.0 = Debug|Any CPU
		{19071CC2-DA95-4E9D-86DB-5DF2F810197A}.Release|Any CPU.ActiveCfg = Release|Any CPU
		{19071CC2-DA95-4E9D-86DB-5DF2F810197A}.Release|Any CPU.Build.0 = Release|Any CPU
		{19071CC2-DA95-4E9D-86DB-5DF2F810197A}.Release|x86.ActiveCfg = Release|Any CPU
		{19071CC2-DA95-4E9D-86DB-5DF2F810197A}.Release|x86.Build.0 = Release|Any CPU
		{524F174F-1B58-48AE-B5EF-8D15110F75BA}.Debug|Any CPU.ActiveCfg = Debug|Any CPU
		{524F174F-1B58-48AE-B5EF-8D15110F75BA}.Debug|Any CPU.Build.0 = Debug|Any CPU
		{524F174F-1B58-48AE-B5EF-8D15110F75BA}.Debug|x86.ActiveCfg = Debug|Any CPU
		{524F174F-1B58-48AE-B5EF-8D15110F75BA}.Debug|x86.Build.0 = Debug|Any CPU
		{524F174F-1B58-48AE-B5EF-8D15110F75BA}.Release|Any CPU.ActiveCfg = Release|Any CPU
		{524F174F-1B58-48AE-B5EF-8D15110F75BA}.Release|Any CPU.Build.0 = Release|Any CPU
		{524F174F-1B58-48AE-B5EF-8D15110F75BA}.Release|x86.ActiveCfg = Release|Any CPU
		{524F174F-1B58-48AE-B5EF-8D15110F75BA}.Release|x86.Build.0 = Release|Any CPU
		{910289CE-825F-4CAF-B9DB-BD3E97F2E6E1}.Debug|Any CPU.ActiveCfg = Debug|Any CPU
		{910289CE-825F-4CAF-B9DB-BD3E97F2E6E1}.Debug|Any CPU.Build.0 = Debug|Any CPU
		{910289CE-825F-4CAF-B9DB-BD3E97F2E6E1}.Debug|x86.ActiveCfg = Debug|Any CPU
		{910289CE-825F-4CAF-B9DB-BD3E97F2E6E1}.Debug|x86.Build.0 = Debug|Any CPU
		{910289CE-825F-4CAF-B9DB-BD3E97F2E6E1}.Release|Any CPU.ActiveCfg = Release|Any CPU
		{910289CE-825F-4CAF-B9DB-BD3E97F2E6E1}.Release|Any CPU.Build.0 = Release|Any CPU
		{910289CE-825F-4CAF-B9DB-BD3E97F2E6E1}.Release|x86.ActiveCfg = Release|Any CPU
		{910289CE-825F-4CAF-B9DB-BD3E97F2E6E1}.Release|x86.Build.0 = Release|Any CPU
		{D24DFA4B-F522-41D9-BEDD-419994F6F625}.Debug|Any CPU.ActiveCfg = Debug|Any CPU
		{D24DFA4B-F522-41D9-BEDD-419994F6F625}.Debug|Any CPU.Build.0 = Debug|Any CPU
		{D24DFA4B-F522-41D9-BEDD-419994F6F625}.Debug|x86.ActiveCfg = Debug|Any CPU
		{D24DFA4B-F522-41D9-BEDD-419994F6F625}.Debug|x86.Build.0 = Debug|Any CPU
		{D24DFA4B-F522-41D9-BEDD-419994F6F625}.Release|Any CPU.ActiveCfg = Release|Any CPU
		{D24DFA4B-F522-41D9-BEDD-419994F6F625}.Release|Any CPU.Build.0 = Release|Any CPU
		{D24DFA4B-F522-41D9-BEDD-419994F6F625}.Release|x86.ActiveCfg = Release|Any CPU
		{D24DFA4B-F522-41D9-BEDD-419994F6F625}.Release|x86.Build.0 = Release|Any CPU
		{D4542D75-F4D5-4DF6-BA86-9248909AA023}.Debug|Any CPU.ActiveCfg = Debug|Any CPU
		{D4542D75-F4D5-4DF6-BA86-9248909AA023}.Debug|Any CPU.Build.0 = Debug|Any CPU
		{D4542D75-F4D5-4DF6-BA86-9248909AA023}.Debug|x86.ActiveCfg = Debug|Any CPU
		{D4542D75-F4D5-4DF6-BA86-9248909AA023}.Debug|x86.Build.0 = Debug|Any CPU
		{D4542D75-F4D5-4DF6-BA86-9248909AA023}.Release|Any CPU.ActiveCfg = Release|Any CPU
		{D4542D75-F4D5-4DF6-BA86-9248909AA023}.Release|Any CPU.Build.0 = Release|Any CPU
		{D4542D75-F4D5-4DF6-BA86-9248909AA023}.Release|x86.ActiveCfg = Release|Any CPU
		{D4542D75-F4D5-4DF6-BA86-9248909AA023}.Release|x86.Build.0 = Release|Any CPU
		{F2AA70C4-DC0D-4BAC-8DEC-A22E51A84715}.Debug|Any CPU.ActiveCfg = Debug|Any CPU
		{F2AA70C4-DC0D-4BAC-8DEC-A22E51A84715}.Debug|Any CPU.Build.0 = Debug|Any CPU
		{F2AA70C4-DC0D-4BAC-8DEC-A22E51A84715}.Debug|x86.ActiveCfg = Debug|Any CPU
		{F2AA70C4-DC0D-4BAC-8DEC-A22E51A84715}.Debug|x86.Build.0 = Debug|Any CPU
		{F2AA70C4-DC0D-4BAC-8DEC-A22E51A84715}.Release|Any CPU.ActiveCfg = Release|Any CPU
		{F2AA70C4-DC0D-4BAC-8DEC-A22E51A84715}.Release|Any CPU.Build.0 = Release|Any CPU
		{F2AA70C4-DC0D-4BAC-8DEC-A22E51A84715}.Release|x86.ActiveCfg = Release|Any CPU
		{F2AA70C4-DC0D-4BAC-8DEC-A22E51A84715}.Release|x86.Build.0 = Release|Any CPU
		{47433982-3DBB-4D4E-AC4C-3391BDA09EDA}.Debug|Any CPU.ActiveCfg = Debug|Any CPU
		{47433982-3DBB-4D4E-AC4C-3391BDA09EDA}.Debug|Any CPU.Build.0 = Debug|Any CPU
		{47433982-3DBB-4D4E-AC4C-3391BDA09EDA}.Debug|x86.ActiveCfg = Debug|Any CPU
		{47433982-3DBB-4D4E-AC4C-3391BDA09EDA}.Debug|x86.Build.0 = Debug|Any CPU
		{47433982-3DBB-4D4E-AC4C-3391BDA09EDA}.Release|Any CPU.ActiveCfg = Release|Any CPU
		{47433982-3DBB-4D4E-AC4C-3391BDA09EDA}.Release|Any CPU.Build.0 = Release|Any CPU
		{47433982-3DBB-4D4E-AC4C-3391BDA09EDA}.Release|x86.ActiveCfg = Release|Any CPU
		{47433982-3DBB-4D4E-AC4C-3391BDA09EDA}.Release|x86.Build.0 = Release|Any CPU
		{491E5847-4A39-46A6-94F8-DB4BA71AD4E5}.Debug|Any CPU.ActiveCfg = Debug|Any CPU
		{491E5847-4A39-46A6-94F8-DB4BA71AD4E5}.Debug|Any CPU.Build.0 = Debug|Any CPU
		{491E5847-4A39-46A6-94F8-DB4BA71AD4E5}.Debug|x86.ActiveCfg = Debug|Any CPU
		{491E5847-4A39-46A6-94F8-DB4BA71AD4E5}.Debug|x86.Build.0 = Debug|Any CPU
		{491E5847-4A39-46A6-94F8-DB4BA71AD4E5}.Release|Any CPU.ActiveCfg = Release|Any CPU
		{491E5847-4A39-46A6-94F8-DB4BA71AD4E5}.Release|Any CPU.Build.0 = Release|Any CPU
		{491E5847-4A39-46A6-94F8-DB4BA71AD4E5}.Release|x86.ActiveCfg = Release|Any CPU
		{491E5847-4A39-46A6-94F8-DB4BA71AD4E5}.Release|x86.Build.0 = Release|Any CPU
		{A36ABF79-5E8A-40F1-BF8E-5838D6AE577A}.Debug|Any CPU.ActiveCfg = Debug|Any CPU
		{A36ABF79-5E8A-40F1-BF8E-5838D6AE577A}.Debug|Any CPU.Build.0 = Debug|Any CPU
		{A36ABF79-5E8A-40F1-BF8E-5838D6AE577A}.Debug|x86.ActiveCfg = Debug|Any CPU
		{A36ABF79-5E8A-40F1-BF8E-5838D6AE577A}.Debug|x86.Build.0 = Debug|Any CPU
		{A36ABF79-5E8A-40F1-BF8E-5838D6AE577A}.Release|Any CPU.ActiveCfg = Release|Any CPU
		{A36ABF79-5E8A-40F1-BF8E-5838D6AE577A}.Release|Any CPU.Build.0 = Release|Any CPU
		{A36ABF79-5E8A-40F1-BF8E-5838D6AE577A}.Release|x86.ActiveCfg = Release|Any CPU
		{A36ABF79-5E8A-40F1-BF8E-5838D6AE577A}.Release|x86.Build.0 = Release|Any CPU
		{641FFF77-D5D2-4A11-B8C3-9607BE962D0B}.Debug|Any CPU.ActiveCfg = Debug|Any CPU
		{641FFF77-D5D2-4A11-B8C3-9607BE962D0B}.Debug|Any CPU.Build.0 = Debug|Any CPU
		{641FFF77-D5D2-4A11-B8C3-9607BE962D0B}.Debug|x86.ActiveCfg = Debug|Any CPU
		{641FFF77-D5D2-4A11-B8C3-9607BE962D0B}.Debug|x86.Build.0 = Debug|Any CPU
		{641FFF77-D5D2-4A11-B8C3-9607BE962D0B}.Release|Any CPU.ActiveCfg = Release|Any CPU
		{641FFF77-D5D2-4A11-B8C3-9607BE962D0B}.Release|Any CPU.Build.0 = Release|Any CPU
		{641FFF77-D5D2-4A11-B8C3-9607BE962D0B}.Release|x86.ActiveCfg = Release|Any CPU
		{641FFF77-D5D2-4A11-B8C3-9607BE962D0B}.Release|x86.Build.0 = Release|Any CPU
		{75A28793-0E66-4C0B-8F6D-211A7F648F63}.Debug|Any CPU.ActiveCfg = Debug|Any CPU
		{75A28793-0E66-4C0B-8F6D-211A7F648F63}.Debug|Any CPU.Build.0 = Debug|Any CPU
		{75A28793-0E66-4C0B-8F6D-211A7F648F63}.Debug|x86.ActiveCfg = Debug|Any CPU
		{75A28793-0E66-4C0B-8F6D-211A7F648F63}.Debug|x86.Build.0 = Debug|Any CPU
		{75A28793-0E66-4C0B-8F6D-211A7F648F63}.Release|Any CPU.ActiveCfg = Release|Any CPU
		{75A28793-0E66-4C0B-8F6D-211A7F648F63}.Release|Any CPU.Build.0 = Release|Any CPU
		{75A28793-0E66-4C0B-8F6D-211A7F648F63}.Release|x86.ActiveCfg = Release|Any CPU
		{75A28793-0E66-4C0B-8F6D-211A7F648F63}.Release|x86.Build.0 = Release|Any CPU
		{42916EB7-5D46-40C0-8CA8-0521F130964D}.Debug|Any CPU.ActiveCfg = Debug|Any CPU
		{42916EB7-5D46-40C0-8CA8-0521F130964D}.Debug|Any CPU.Build.0 = Debug|Any CPU
		{42916EB7-5D46-40C0-8CA8-0521F130964D}.Debug|x86.ActiveCfg = Debug|Any CPU
		{42916EB7-5D46-40C0-8CA8-0521F130964D}.Debug|x86.Build.0 = Debug|Any CPU
		{42916EB7-5D46-40C0-8CA8-0521F130964D}.Release|Any CPU.ActiveCfg = Release|Any CPU
		{42916EB7-5D46-40C0-8CA8-0521F130964D}.Release|Any CPU.Build.0 = Release|Any CPU
		{42916EB7-5D46-40C0-8CA8-0521F130964D}.Release|x86.ActiveCfg = Release|Any CPU
		{42916EB7-5D46-40C0-8CA8-0521F130964D}.Release|x86.Build.0 = Release|Any CPU
		{93157E11-D59A-45CE-8EFF-220048A75276}.Debug|Any CPU.ActiveCfg = Debug|Any CPU
		{93157E11-D59A-45CE-8EFF-220048A75276}.Debug|Any CPU.Build.0 = Debug|Any CPU
		{93157E11-D59A-45CE-8EFF-220048A75276}.Debug|x86.ActiveCfg = Debug|Any CPU
		{93157E11-D59A-45CE-8EFF-220048A75276}.Debug|x86.Build.0 = Debug|Any CPU
		{93157E11-D59A-45CE-8EFF-220048A75276}.Release|Any CPU.ActiveCfg = Release|Any CPU
		{93157E11-D59A-45CE-8EFF-220048A75276}.Release|Any CPU.Build.0 = Release|Any CPU
		{93157E11-D59A-45CE-8EFF-220048A75276}.Release|x86.ActiveCfg = Release|Any CPU
		{93157E11-D59A-45CE-8EFF-220048A75276}.Release|x86.Build.0 = Release|Any CPU
		{6AF37CE1-4074-467B-91E2-7FA5CF6D6CB4}.Debug|Any CPU.ActiveCfg = Debug|Any CPU
		{6AF37CE1-4074-467B-91E2-7FA5CF6D6CB4}.Debug|Any CPU.Build.0 = Debug|Any CPU
		{6AF37CE1-4074-467B-91E2-7FA5CF6D6CB4}.Debug|x86.ActiveCfg = Debug|Any CPU
		{6AF37CE1-4074-467B-91E2-7FA5CF6D6CB4}.Debug|x86.Build.0 = Debug|Any CPU
		{6AF37CE1-4074-467B-91E2-7FA5CF6D6CB4}.Release|Any CPU.ActiveCfg = Release|Any CPU
		{6AF37CE1-4074-467B-91E2-7FA5CF6D6CB4}.Release|Any CPU.Build.0 = Release|Any CPU
		{6AF37CE1-4074-467B-91E2-7FA5CF6D6CB4}.Release|x86.ActiveCfg = Release|Any CPU
		{6AF37CE1-4074-467B-91E2-7FA5CF6D6CB4}.Release|x86.Build.0 = Release|Any CPU
		{88D66F27-B71C-44B6-8F73-C412FA20F065}.Debug|Any CPU.ActiveCfg = Debug|Any CPU
		{88D66F27-B71C-44B6-8F73-C412FA20F065}.Debug|Any CPU.Build.0 = Debug|Any CPU
		{88D66F27-B71C-44B6-8F73-C412FA20F065}.Debug|x86.ActiveCfg = Debug|Any CPU
		{88D66F27-B71C-44B6-8F73-C412FA20F065}.Debug|x86.Build.0 = Debug|Any CPU
		{88D66F27-B71C-44B6-8F73-C412FA20F065}.Release|Any CPU.ActiveCfg = Release|Any CPU
		{88D66F27-B71C-44B6-8F73-C412FA20F065}.Release|Any CPU.Build.0 = Release|Any CPU
		{88D66F27-B71C-44B6-8F73-C412FA20F065}.Release|x86.ActiveCfg = Release|Any CPU
		{88D66F27-B71C-44B6-8F73-C412FA20F065}.Release|x86.Build.0 = Release|Any CPU
		{7D5E4522-8D44-471B-AB01-70FC65948B36}.Debug|Any CPU.ActiveCfg = Debug|Any CPU
		{7D5E4522-8D44-471B-AB01-70FC65948B36}.Debug|Any CPU.Build.0 = Debug|Any CPU
		{7D5E4522-8D44-471B-AB01-70FC65948B36}.Debug|x86.ActiveCfg = Debug|Any CPU
		{7D5E4522-8D44-471B-AB01-70FC65948B36}.Debug|x86.Build.0 = Debug|Any CPU
		{7D5E4522-8D44-471B-AB01-70FC65948B36}.Release|Any CPU.ActiveCfg = Release|Any CPU
		{7D5E4522-8D44-471B-AB01-70FC65948B36}.Release|Any CPU.Build.0 = Release|Any CPU
		{7D5E4522-8D44-471B-AB01-70FC65948B36}.Release|x86.ActiveCfg = Release|Any CPU
		{7D5E4522-8D44-471B-AB01-70FC65948B36}.Release|x86.Build.0 = Release|Any CPU
		{81D3FE99-67E6-40AC-A893-AAC4002A30B1}.Debug|Any CPU.ActiveCfg = Debug|Any CPU
		{81D3FE99-67E6-40AC-A893-AAC4002A30B1}.Debug|Any CPU.Build.0 = Debug|Any CPU
		{81D3FE99-67E6-40AC-A893-AAC4002A30B1}.Debug|x86.ActiveCfg = Debug|Any CPU
		{81D3FE99-67E6-40AC-A893-AAC4002A30B1}.Debug|x86.Build.0 = Debug|Any CPU
		{81D3FE99-67E6-40AC-A893-AAC4002A30B1}.Release|Any CPU.ActiveCfg = Release|Any CPU
		{81D3FE99-67E6-40AC-A893-AAC4002A30B1}.Release|Any CPU.Build.0 = Release|Any CPU
		{81D3FE99-67E6-40AC-A893-AAC4002A30B1}.Release|x86.ActiveCfg = Release|Any CPU
		{81D3FE99-67E6-40AC-A893-AAC4002A30B1}.Release|x86.Build.0 = Release|Any CPU
		{A6E0EF17-5D09-481A-90F9-16FC24E12AA8}.Debug|Any CPU.ActiveCfg = Debug|Any CPU
		{A6E0EF17-5D09-481A-90F9-16FC24E12AA8}.Debug|Any CPU.Build.0 = Debug|Any CPU
		{A6E0EF17-5D09-481A-90F9-16FC24E12AA8}.Debug|x86.ActiveCfg = Debug|Any CPU
		{A6E0EF17-5D09-481A-90F9-16FC24E12AA8}.Debug|x86.Build.0 = Debug|Any CPU
		{A6E0EF17-5D09-481A-90F9-16FC24E12AA8}.Release|Any CPU.ActiveCfg = Release|Any CPU
		{A6E0EF17-5D09-481A-90F9-16FC24E12AA8}.Release|Any CPU.Build.0 = Release|Any CPU
		{A6E0EF17-5D09-481A-90F9-16FC24E12AA8}.Release|x86.ActiveCfg = Release|Any CPU
		{A6E0EF17-5D09-481A-90F9-16FC24E12AA8}.Release|x86.Build.0 = Release|Any CPU
		{7E18058A-55F3-4342-A27E-F9E4A3BF2A54}.Debug|Any CPU.ActiveCfg = Debug|Any CPU
		{7E18058A-55F3-4342-A27E-F9E4A3BF2A54}.Debug|Any CPU.Build.0 = Debug|Any CPU
		{7E18058A-55F3-4342-A27E-F9E4A3BF2A54}.Debug|x86.ActiveCfg = Debug|Any CPU
		{7E18058A-55F3-4342-A27E-F9E4A3BF2A54}.Debug|x86.Build.0 = Debug|Any CPU
		{7E18058A-55F3-4342-A27E-F9E4A3BF2A54}.Release|Any CPU.ActiveCfg = Release|Any CPU
		{7E18058A-55F3-4342-A27E-F9E4A3BF2A54}.Release|Any CPU.Build.0 = Release|Any CPU
		{7E18058A-55F3-4342-A27E-F9E4A3BF2A54}.Release|x86.ActiveCfg = Release|Any CPU
		{7E18058A-55F3-4342-A27E-F9E4A3BF2A54}.Release|x86.Build.0 = Release|Any CPU
		{5F0638BD-2967-4257-A73D-80C45F40CE4F}.Debug|Any CPU.ActiveCfg = Debug|Any CPU
		{5F0638BD-2967-4257-A73D-80C45F40CE4F}.Debug|Any CPU.Build.0 = Debug|Any CPU
		{5F0638BD-2967-4257-A73D-80C45F40CE4F}.Debug|x86.ActiveCfg = Debug|Any CPU
		{5F0638BD-2967-4257-A73D-80C45F40CE4F}.Debug|x86.Build.0 = Debug|Any CPU
		{5F0638BD-2967-4257-A73D-80C45F40CE4F}.Release|Any CPU.ActiveCfg = Release|Any CPU
		{5F0638BD-2967-4257-A73D-80C45F40CE4F}.Release|Any CPU.Build.0 = Release|Any CPU
		{5F0638BD-2967-4257-A73D-80C45F40CE4F}.Release|x86.ActiveCfg = Release|Any CPU
		{5F0638BD-2967-4257-A73D-80C45F40CE4F}.Release|x86.Build.0 = Release|Any CPU
		{0B310151-44A2-4857-9A4E-7AC2D677BDE3}.Debug|Any CPU.ActiveCfg = Debug|Any CPU
		{0B310151-44A2-4857-9A4E-7AC2D677BDE3}.Debug|Any CPU.Build.0 = Debug|Any CPU
		{0B310151-44A2-4857-9A4E-7AC2D677BDE3}.Debug|x86.ActiveCfg = Debug|Any CPU
		{0B310151-44A2-4857-9A4E-7AC2D677BDE3}.Debug|x86.Build.0 = Debug|Any CPU
		{0B310151-44A2-4857-9A4E-7AC2D677BDE3}.Release|Any CPU.ActiveCfg = Release|Any CPU
		{0B310151-44A2-4857-9A4E-7AC2D677BDE3}.Release|Any CPU.Build.0 = Release|Any CPU
		{0B310151-44A2-4857-9A4E-7AC2D677BDE3}.Release|x86.ActiveCfg = Release|Any CPU
		{0B310151-44A2-4857-9A4E-7AC2D677BDE3}.Release|x86.Build.0 = Release|Any CPU
		{3C4201FD-026D-46E7-ACCB-78E04C59B47F}.Debug|Any CPU.ActiveCfg = Debug|Any CPU
		{3C4201FD-026D-46E7-ACCB-78E04C59B47F}.Debug|Any CPU.Build.0 = Debug|Any CPU
		{3C4201FD-026D-46E7-ACCB-78E04C59B47F}.Debug|x86.ActiveCfg = Debug|Any CPU
		{3C4201FD-026D-46E7-ACCB-78E04C59B47F}.Debug|x86.Build.0 = Debug|Any CPU
		{3C4201FD-026D-46E7-ACCB-78E04C59B47F}.Release|Any CPU.ActiveCfg = Release|Any CPU
		{3C4201FD-026D-46E7-ACCB-78E04C59B47F}.Release|Any CPU.Build.0 = Release|Any CPU
		{3C4201FD-026D-46E7-ACCB-78E04C59B47F}.Release|x86.ActiveCfg = Release|Any CPU
		{3C4201FD-026D-46E7-ACCB-78E04C59B47F}.Release|x86.Build.0 = Release|Any CPU
		{3EC2E833-5E49-4AF3-A818-025A40C7FC8C}.Debug|Any CPU.ActiveCfg = Debug|Any CPU
		{3EC2E833-5E49-4AF3-A818-025A40C7FC8C}.Debug|Any CPU.Build.0 = Debug|Any CPU
		{3EC2E833-5E49-4AF3-A818-025A40C7FC8C}.Debug|x86.ActiveCfg = Debug|Any CPU
		{3EC2E833-5E49-4AF3-A818-025A40C7FC8C}.Debug|x86.Build.0 = Debug|Any CPU
		{3EC2E833-5E49-4AF3-A818-025A40C7FC8C}.Release|Any CPU.ActiveCfg = Release|Any CPU
		{3EC2E833-5E49-4AF3-A818-025A40C7FC8C}.Release|Any CPU.Build.0 = Release|Any CPU
		{3EC2E833-5E49-4AF3-A818-025A40C7FC8C}.Release|x86.ActiveCfg = Release|Any CPU
		{3EC2E833-5E49-4AF3-A818-025A40C7FC8C}.Release|x86.Build.0 = Release|Any CPU
		{14759C5E-A787-4AF3-A610-5DB9389B79BE}.Debug|Any CPU.ActiveCfg = Debug|Any CPU
		{14759C5E-A787-4AF3-A610-5DB9389B79BE}.Debug|Any CPU.Build.0 = Debug|Any CPU
		{14759C5E-A787-4AF3-A610-5DB9389B79BE}.Debug|x86.ActiveCfg = Debug|Any CPU
		{14759C5E-A787-4AF3-A610-5DB9389B79BE}.Debug|x86.Build.0 = Debug|Any CPU
		{14759C5E-A787-4AF3-A610-5DB9389B79BE}.Release|Any CPU.ActiveCfg = Release|Any CPU
		{14759C5E-A787-4AF3-A610-5DB9389B79BE}.Release|Any CPU.Build.0 = Release|Any CPU
		{14759C5E-A787-4AF3-A610-5DB9389B79BE}.Release|x86.ActiveCfg = Release|Any CPU
		{14759C5E-A787-4AF3-A610-5DB9389B79BE}.Release|x86.Build.0 = Release|Any CPU
		{9E424B40-773E-429A-9C07-D64D014BB571}.Debug|Any CPU.ActiveCfg = Debug|Any CPU
		{9E424B40-773E-429A-9C07-D64D014BB571}.Debug|Any CPU.Build.0 = Debug|Any CPU
		{9E424B40-773E-429A-9C07-D64D014BB571}.Debug|x86.ActiveCfg = Debug|Any CPU
		{9E424B40-773E-429A-9C07-D64D014BB571}.Debug|x86.Build.0 = Debug|Any CPU
		{9E424B40-773E-429A-9C07-D64D014BB571}.Release|Any CPU.ActiveCfg = Release|Any CPU
		{9E424B40-773E-429A-9C07-D64D014BB571}.Release|Any CPU.Build.0 = Release|Any CPU
		{9E424B40-773E-429A-9C07-D64D014BB571}.Release|x86.ActiveCfg = Release|Any CPU
		{9E424B40-773E-429A-9C07-D64D014BB571}.Release|x86.Build.0 = Release|Any CPU
	EndGlobalSection
	GlobalSection(SolutionProperties) = preSolution
		HideSolutionNode = FALSE
	EndGlobalSection
	GlobalSection(NestedProjects) = preSolution
		{8835721D-ECA4-42CB-BA8B-F8C1A06340EC} = {A5B15524-93B8-4CCE-AC6D-A22984498BA0}
		{CA4F7162-B1FA-4236-92A7-FE26150F848B} = {9291D340-B4FA-44A3-8060-C14743FB1712}
		{4522DD48-C123-453D-8982-B50F334FB710} = {D7DCD96A-C3B8-4D22-8216-0E8ADD30C03F}
		{0AEDF16E-2259-45C8-A9CE-1F20DC10A07B} = {CD48FE11-EF0E-41C0-A042-21BB9673FF3C}
		{3298D5AF-CDBA-49BE-AB1F-D8045786AE8C} = {CD48FE11-EF0E-41C0-A042-21BB9673FF3C}
		{817A84EB-2C16-4008-84EA-0C5156AB3855} = {CD48FE11-EF0E-41C0-A042-21BB9673FF3C}
		{8C29641A-22B6-4E0F-8C32-35C98169EC6A} = {9291D340-B4FA-44A3-8060-C14743FB1712}
		{9646475B-4502-4E9B-AE48-8CEE3BFF52DD} = {9291D340-B4FA-44A3-8060-C14743FB1712}
		{1BB013BD-AB93-406E-8E1F-E719C23FC252} = {9291D340-B4FA-44A3-8060-C14743FB1712}
		{118EF006-EF86-4A31-83FA-81DEDF32CB91} = {A5B15524-93B8-4CCE-AC6D-A22984498BA0}
		{D6382E8D-6EFC-4255-9925-A574BC627614} = {A5B15524-93B8-4CCE-AC6D-A22984498BA0}
		{4D66878E-21B0-454A-9FD6-F15FBC21AE5B} = {A5B15524-93B8-4CCE-AC6D-A22984498BA0}
		{5906DC6C-7768-4FEA-814F-68649FA7E7F2} = {A5B15524-93B8-4CCE-AC6D-A22984498BA0}
		{C1BB505F-5E42-4172-A724-32410E9516CC} = {9F005B5C-A856-4351-8C0C-47A8B785C637}
		{C2502C41-6DA0-4F36-8FB1-9AE54B5C413F} = {9F005B5C-A856-4351-8C0C-47A8B785C637}
		{089CE39A-8FCD-488A-B5AA-5A24E8D72397} = {9F005B5C-A856-4351-8C0C-47A8B785C637}
		{16FA675A-CF71-4C0F-84E0-CC724668066D} = {9F005B5C-A856-4351-8C0C-47A8B785C637}
		{19071CC2-DA95-4E9D-86DB-5DF2F810197A} = {A5B15524-93B8-4CCE-AC6D-A22984498BA0}
		{524F174F-1B58-48AE-B5EF-8D15110F75BA} = {A5B15524-93B8-4CCE-AC6D-A22984498BA0}
		{910289CE-825F-4CAF-B9DB-BD3E97F2E6E1} = {A5B15524-93B8-4CCE-AC6D-A22984498BA0}
		{D24DFA4B-F522-41D9-BEDD-419994F6F625} = {CD48FE11-EF0E-41C0-A042-21BB9673FF3C}
		{D4542D75-F4D5-4DF6-BA86-9248909AA023} = {9F005B5C-A856-4351-8C0C-47A8B785C637}
		{F2AA70C4-DC0D-4BAC-8DEC-A22E51A84715} = {BC358EE4-734D-4CE3-A053-0A2490A2E39A}
		{47433982-3DBB-4D4E-AC4C-3391BDA09EDA} = {BC358EE4-734D-4CE3-A053-0A2490A2E39A}
		{491E5847-4A39-46A6-94F8-DB4BA71AD4E5} = {9291D340-B4FA-44A3-8060-C14743FB1712}
		{A36ABF79-5E8A-40F1-BF8E-5838D6AE577A} = {9F005B5C-A856-4351-8C0C-47A8B785C637}
		{641FFF77-D5D2-4A11-B8C3-9607BE962D0B} = {D3D6FD9A-968A-45BB-86C7-4527C72A057E}
		{75A28793-0E66-4C0B-8F6D-211A7F648F63} = {9291D340-B4FA-44A3-8060-C14743FB1712}
		{42916EB7-5D46-40C0-8CA8-0521F130964D} = {A5B15524-93B8-4CCE-AC6D-A22984498BA0}
		{93157E11-D59A-45CE-8EFF-220048A75276} = {9F005B5C-A856-4351-8C0C-47A8B785C637}
		{6AF37CE1-4074-467B-91E2-7FA5CF6D6CB4} = {D7DCD96A-C3B8-4D22-8216-0E8ADD30C03F}
		{A6C28448-3839-490C-BE30-580C1A45E225} = {9F005B5C-A856-4351-8C0C-47A8B785C637}
		{88D66F27-B71C-44B6-8F73-C412FA20F065} = {9F005B5C-A856-4351-8C0C-47A8B785C637}
		{7D5E4522-8D44-471B-AB01-70FC65948B36} = {A5B15524-93B8-4CCE-AC6D-A22984498BA0}
		{81D3FE99-67E6-40AC-A893-AAC4002A30B1} = {A5B15524-93B8-4CCE-AC6D-A22984498BA0}
		{A6E0EF17-5D09-481A-90F9-16FC24E12AA8} = {D7DCD96A-C3B8-4D22-8216-0E8ADD30C03F}
		{7E18058A-55F3-4342-A27E-F9E4A3BF2A54} = {9F005B5C-A856-4351-8C0C-47A8B785C637}
		{5F0638BD-2967-4257-A73D-80C45F40CE4F} = {9291D340-B4FA-44A3-8060-C14743FB1712}
		{CD48FE11-EF0E-41C0-A042-21BB9673FF3C} = {75BDDBB5-8DB8-4893-BD89-8FFC6C42244D}
		{D7DCD96A-C3B8-4D22-8216-0E8ADD30C03F} = {75BDDBB5-8DB8-4893-BD89-8FFC6C42244D}
		{0B310151-44A2-4857-9A4E-7AC2D677BDE3} = {CD48FE11-EF0E-41C0-A042-21BB9673FF3C}
		{59F88FB5-6D19-4520-87E8-227B3539BBB3} = {A5B15524-93B8-4CCE-AC6D-A22984498BA0}
		{E39CB080-5838-47AF-835B-9E32A2FFE811} = {59F88FB5-6D19-4520-87E8-227B3539BBB3}
		{3C4201FD-026D-46E7-ACCB-78E04C59B47F} = {9F005B5C-A856-4351-8C0C-47A8B785C637}
		{3EC2E833-5E49-4AF3-A818-025A40C7FC8C} = {A5B15524-93B8-4CCE-AC6D-A22984498BA0}
		{14759C5E-A787-4AF3-A610-5DB9389B79BE} = {9F005B5C-A856-4351-8C0C-47A8B785C637}
		{9E424B40-773E-429A-9C07-D64D014BB571} = {BC358EE4-734D-4CE3-A053-0A2490A2E39A}
	EndGlobalSection
	GlobalSection(ExtensibilityGlobals) = postSolution
		SolutionGuid = {435A0D65-610C-4B84-B1AA-2C7FBE72DB80}
	EndGlobalSection
EndGlobal
